
Microsoft Visual Studio Solution File, Format Version 12.00
# Visual Studio Version 17
VisualStudioVersion = 17.11.35222.181
MinimumVisualStudioVersion = 10.0.40219.1
Project("{9A19103F-16F7-4668-BE54-9A1E7A4F7556}") = "AmadeusTestWebApp01", "AmadeusTestWebApp01\AmadeusTestWebApp01.csproj", "{4838A4B3-FAC3-490A-A27B-DB64CBAF8C76}"
EndProject
Project("{9A19103F-16F7-4668-BE54-9A1E7A4F7556}") = "AmadeusTestWebProject01.Test", "AmadeusTestWebProject01.Test\AmadeusTestWebProject01.Test.csproj", "{CD4DFD51-96FD-4560-953C-DFE04186C135}"
EndProject
Project("{54A90642-561A-4BB1-A94E-469ADEE60C69}") = "AmadeusTestAngularProject01", "AmadeusTestAngularProject01\AmadeusTestAngularProject01.esproj", "{3FB32D5E-2457-48FE-A43E-32DFB8468CC3}"
EndProject
Global
	GlobalSection(SolutionConfigurationPlatforms) = preSolution
		Debug|Any CPU = Debug|Any CPU
		Release|Any CPU = Release|Any CPU
	EndGlobalSection
	GlobalSection(ProjectConfigurationPlatforms) = postSolution
		{4838A4B3-FAC3-490A-A27B-DB64CBAF8C76}.Debug|Any CPU.ActiveCfg = Debug|Any CPU
		{4838A4B3-FAC3-490A-A27B-DB64CBAF8C76}.Debug|Any CPU.Build.0 = Debug|Any CPU
		{4838A4B3-FAC3-490A-A27B-DB64CBAF8C76}.Release|Any CPU.ActiveCfg = Release|Any CPU
		{4838A4B3-FAC3-490A-A27B-DB64CBAF8C76}.Release|Any CPU.Build.0 = Release|Any CPU
		{CD4DFD51-96FD-4560-953C-DFE04186C135}.Debug|Any CPU.ActiveCfg = Debug|Any CPU
		{CD4DFD51-96FD-4560-953C-DFE04186C135}.Debug|Any CPU.Build.0 = Debug|Any CPU
		{CD4DFD51-96FD-4560-953C-DFE04186C135}.Release|Any CPU.ActiveCfg = Release|Any CPU
		{CD4DFD51-96FD-4560-953C-DFE04186C135}.Release|Any CPU.Build.0 = Release|Any CPU
		{3FB32D5E-2457-48FE-A43E-32DFB8468CC3}.Debug|Any CPU.ActiveCfg = Debug|Any CPU
		{3FB32D5E-2457-48FE-A43E-32DFB8468CC3}.Debug|Any CPU.Build.0 = Debug|Any CPU
		{3FB32D5E-2457-48FE-A43E-32DFB8468CC3}.Debug|Any CPU.Deploy.0 = Debug|Any CPU
		{3FB32D5E-2457-48FE-A43E-32DFB8468CC3}.Release|Any CPU.ActiveCfg = Release|Any CPU
		{3FB32D5E-2457-48FE-A43E-32DFB8468CC3}.Release|Any CPU.Build.0 = Release|Any CPU
		{3FB32D5E-2457-48FE-A43E-32DFB8468CC3}.Release|Any CPU.Deploy.0 = Release|Any CPU
	EndGlobalSection
	GlobalSection(SolutionProperties) = preSolution
		HideSolutionNode = FALSE
	EndGlobalSection
	GlobalSection(ExtensibilityGlobals) = postSolution
		SolutionGuid = {32FA06C2-BCF3-4661-96C4-50648C0D9BF7}
	EndGlobalSection
EndGlobal
